
Microsoft Visual Studio Solution File, Format Version 12.00
# Visual Studio 15
VisualStudioVersion = 15.0.27428.2011
MinimumVisualStudioVersion = 10.0.40219.1
Project("{FAE04EC0-301F-11D3-BF4B-00C04F79EFBC}") = "ExcelloneWayApiTest", "ExcelloneWayApiTest\ExcelloneWayApiTest.csproj", "{86409548-180B-4129-B099-6BE752858C98}"
EndProject
Global
	GlobalSection(SolutionConfigurationPlatforms) = preSolution
		Debug|Any CPU = Debug|Any CPU
		Release|Any CPU = Release|Any CPU
	EndGlobalSection
	GlobalSection(ProjectConfigurationPlatforms) = postSolution
		{86409548-180B-4129-B099-6BE752858C98}.Debug|Any CPU.ActiveCfg = Debug|Any CPU
		{86409548-180B-4129-B099-6BE752858C98}.Debug|Any CPU.Build.0 = Debug|Any CPU
		{86409548-180B-4129-B099-6BE752858C98}.Release|Any CPU.ActiveCfg = Release|Any CPU
		{86409548-180B-4129-B099-6BE752858C98}.Release|Any CPU.Build.0 = Release|Any CPU
	EndGlobalSection
	GlobalSection(SolutionProperties) = preSolution
		HideSolutionNode = FALSE
	EndGlobalSection
	GlobalSection(ExtensibilityGlobals) = postSolution
		SolutionGuid = {5B9F0504-9361-4EDD-967E-51CB1DF409B7}
	EndGlobalSection
EndGlobal
